// !$*UTF8*$!
{
	archiveVersion = 1;
	classes = {
	};
	objectVersion = 46;
	objects = {

/* Begin PBXBuildFile section */
		1076F098196855B3002B7F2A /* libsqlite3.dylib in Frameworks */ = {isa = PBXBuildFile; fileRef = 1076F097196855B3002B7F2A /* libsqlite3.dylib */; };
		1076F09B196859AC002B7F2A /* SQLite.m in Sources */ = {isa = PBXBuildFile; fileRef = 1076F09A196859AC002B7F2A /* SQLite.m */; };
		108731931968BBF5005477C8 /* Settings.m in Sources */ = {isa = PBXBuildFile; fileRef = 108731921968BBF5005477C8 /* Settings.m */; };
		10E9661219702983008853C9 /* TPKeyboardAvoidingScrollView.m in Sources */ = {isa = PBXBuildFile; fileRef = 10E9661119702983008853C9 /* TPKeyboardAvoidingScrollView.m */; };
		10E96615197029EB008853C9 /* UIScrollView+TPKeyboardAvoidingAdditions.m in Sources */ = {isa = PBXBuildFile; fileRef = 10E96614197029EB008853C9 /* UIScrollView+TPKeyboardAvoidingAdditions.m */; };
		10ED47081969EB9700927561 /* Config.m in Sources */ = {isa = PBXBuildFile; fileRef = 10ED47071969EB9700927561 /* Config.m */; };
		F23543231966F8DD004CD0CE /* PlayersCell.m in Sources */ = {isa = PBXBuildFile; fileRef = F23543221966F8DD004CD0CE /* PlayersCell.m */; };
		F23543251967167B004CD0CE /* KrunchProjections.json in Resources */ = {isa = PBXBuildFile; fileRef = F23543241967167B004CD0CE /* KrunchProjections.json */; };
		F245400D196B922900F01CAB /* MyTeamController.m in Sources */ = {isa = PBXBuildFile; fileRef = F245400C196B922900F01CAB /* MyTeamController.m */; };
		F2454010196B928200F01CAB /* MyTeamCell.m in Sources */ = {isa = PBXBuildFile; fileRef = F245400F196B928200F01CAB /* MyTeamCell.m */; };
		F24BB04F196A150200A626E0 /* SettingsViewController.m in Sources */ = {isa = PBXBuildFile; fileRef = F24BB04E196A150200A626E0 /* SettingsViewController.m */; };
		F24BB052196B064700A626E0 /* PlayerListController.m in Sources */ = {isa = PBXBuildFile; fileRef = F24BB051196B064700A626E0 /* PlayerListController.m */; };
		F27B59E919798D7000001540 /* Main_iPhone.storyboard in Resources */ = {isa = PBXBuildFile; fileRef = F27B59E719798D7000001540 /* Main_iPhone.storyboard */; };
		F28D9F12197B625900050F91 /* icon_bkg.png in Resources */ = {isa = PBXBuildFile; fileRef = F28D9F11197B625900050F91 /* icon_bkg.png */; };
		F28D9F60197C322E00050F91 /* Dropdown.png in Resources */ = {isa = PBXBuildFile; fileRef = F28D9F47197C322E00050F91 /* Dropdown.png */; };
		F28D9F61197C322E00050F91 /* Dropdown@2x.png in Resources */ = {isa = PBXBuildFile; fileRef = F28D9F48197C322E00050F91 /* Dropdown@2x.png */; };
		F28D9F63197C322E00050F91 /* Minus.png in Resources */ = {isa = PBXBuildFile; fileRef = F28D9F4A197C322E00050F91 /* Minus.png */; };
		F28D9F64197C322E00050F91 /* Minus@2x.png in Resources */ = {isa = PBXBuildFile; fileRef = F28D9F4B197C322E00050F91 /* Minus@2x.png */; };
		F28D9F65197C322E00050F91 /* MyTeam_blue.png in Resources */ = {isa = PBXBuildFile; fileRef = F28D9F4C197C322E00050F91 /* MyTeam_blue.png */; };
		F28D9F66197C322E00050F91 /* MyTeam_blue@2x.png in Resources */ = {isa = PBXBuildFile; fileRef = F28D9F4D197C322E00050F91 /* MyTeam_blue@2x.png */; };
		F28D9F67197C322E00050F91 /* MyTeam_white.png in Resources */ = {isa = PBXBuildFile; fileRef = F28D9F4E197C322E00050F91 /* MyTeam_white.png */; };
		F28D9F68197C322E00050F91 /* MyTeam_white@2x.png in Resources */ = {isa = PBXBuildFile; fileRef = F28D9F4F197C322E00050F91 /* MyTeam_white@2x.png */; };
		F28D9F69197C322E00050F91 /* Scenario_blue.png in Resources */ = {isa = PBXBuildFile; fileRef = F28D9F50197C322E00050F91 /* Scenario_blue.png */; };
		F28D9F6A197C322E00050F91 /* Scenario_blue@2x.png in Resources */ = {isa = PBXBuildFile; fileRef = F28D9F51197C322E00050F91 /* Scenario_blue@2x.png */; };
		F28D9F6B197C322E00050F91 /* Scenario_white.png in Resources */ = {isa = PBXBuildFile; fileRef = F28D9F52197C322E00050F91 /* Scenario_white.png */; };
		F28D9F6C197C322E00050F91 /* Scenario_white@2x.png in Resources */ = {isa = PBXBuildFile; fileRef = F28D9F53197C322E00050F91 /* Scenario_white@2x.png */; };
		F28D9F6D197C322E00050F91 /* Search_blue.png in Resources */ = {isa = PBXBuildFile; fileRef = F28D9F54197C322E00050F91 /* Search_blue.png */; };
		F28D9F6E197C322E00050F91 /* Search_blue@2x.png in Resources */ = {isa = PBXBuildFile; fileRef = F28D9F55197C322E00050F91 /* Search_blue@2x.png */; };
		F28D9F6F197C322E00050F91 /* search_icon.png in Resources */ = {isa = PBXBuildFile; fileRef = F28D9F56197C322E00050F91 /* search_icon.png */; };
		F28D9F70197C322E00050F91 /* Search_white@2x.png in Resources */ = {isa = PBXBuildFile; fileRef = F28D9F57197C322E00050F91 /* Search_white@2x.png */; };
		F28D9F71197C322E00050F91 /* Settings_blue.png in Resources */ = {isa = PBXBuildFile; fileRef = F28D9F58197C322E00050F91 /* Settings_blue.png */; };
		F28D9F72197C322E00050F91 /* Settings_blue@2x.png in Resources */ = {isa = PBXBuildFile; fileRef = F28D9F59197C322E00050F91 /* Settings_blue@2x.png */; };
		F28D9F73197C322E00050F91 /* Settings_white.png in Resources */ = {isa = PBXBuildFile; fileRef = F28D9F5A197C322E00050F91 /* Settings_white.png */; };
		F28D9F74197C322E00050F91 /* Settings_white@2x.png in Resources */ = {isa = PBXBuildFile; fileRef = F28D9F5B197C322E00050F91 /* Settings_white@2x.png */; };
		F28D9F75197C322E00050F91 /* Sync_blue.png in Resources */ = {isa = PBXBuildFile; fileRef = F28D9F5C197C322E00050F91 /* Sync_blue.png */; };
		F28D9F76197C322E00050F91 /* Sync_blue@2x.png in Resources */ = {isa = PBXBuildFile; fileRef = F28D9F5D197C322E00050F91 /* Sync_blue@2x.png */; };
		F28D9F77197C322E00050F91 /* Sync_white.png in Resources */ = {isa = PBXBuildFile; fileRef = F28D9F5E197C322E00050F91 /* Sync_white.png */; };
		F28D9F78197C322E00050F91 /* Sync_white@2x.png in Resources */ = {isa = PBXBuildFile; fileRef = F28D9F5F197C322E00050F91 /* Sync_white@2x.png */; };
		F2CEFF8719571B0F00C937F1 /* Foundation.framework in Frameworks */ = {isa = PBXBuildFile; fileRef = F2CEFF8619571B0F00C937F1 /* Foundation.framework */; };
		F2CEFF8919571B0F00C937F1 /* CoreGraphics.framework in Frameworks */ = {isa = PBXBuildFile; fileRef = F2CEFF8819571B0F00C937F1 /* CoreGraphics.framework */; };
		F2CEFF8B19571B0F00C937F1 /* UIKit.framework in Frameworks */ = {isa = PBXBuildFile; fileRef = F2CEFF8A19571B0F00C937F1 /* UIKit.framework */; };
		F2CEFF9119571B0F00C937F1 /* InfoPlist.strings in Resources */ = {isa = PBXBuildFile; fileRef = F2CEFF8F19571B0F00C937F1 /* InfoPlist.strings */; };
		F2CEFF9319571B0F00C937F1 /* main.m in Sources */ = {isa = PBXBuildFile; fileRef = F2CEFF9219571B0F00C937F1 /* main.m */; };
		F2CEFF9719571B0F00C937F1 /* AppDelegate.m in Sources */ = {isa = PBXBuildFile; fileRef = F2CEFF9619571B0F00C937F1 /* AppDelegate.m */; };
		F2CEFF9D19571B0F00C937F1 /* Main_iPad.storyboard in Resources */ = {isa = PBXBuildFile; fileRef = F2CEFF9B19571B0F00C937F1 /* Main_iPad.storyboard */; };
		F2CEFFA519571B0F00C937F1 /* Images.xcassets in Resources */ = {isa = PBXBuildFile; fileRef = F2CEFFA419571B0F00C937F1 /* Images.xcassets */; };
		F2CEFFAC19571B0F00C937F1 /* XCTest.framework in Frameworks */ = {isa = PBXBuildFile; fileRef = F2CEFFAB19571B0F00C937F1 /* XCTest.framework */; };
		F2CEFFAD19571B0F00C937F1 /* Foundation.framework in Frameworks */ = {isa = PBXBuildFile; fileRef = F2CEFF8619571B0F00C937F1 /* Foundation.framework */; };
		F2CEFFAE19571B0F00C937F1 /* UIKit.framework in Frameworks */ = {isa = PBXBuildFile; fileRef = F2CEFF8A19571B0F00C937F1 /* UIKit.framework */; };
		F2CEFFB619571B0F00C937F1 /* InfoPlist.strings in Resources */ = {isa = PBXBuildFile; fileRef = F2CEFFB419571B0F00C937F1 /* InfoPlist.strings */; };
		F2CEFFB819571B0F00C937F1 /* FantasyFootballCalcTests.m in Sources */ = {isa = PBXBuildFile; fileRef = F2CEFFB719571B0F00C937F1 /* FantasyFootballCalcTests.m */; };
		F2CEFFC619571DF200C937F1 /* SelectionsController.m in Sources */ = {isa = PBXBuildFile; fileRef = F2CEFFC519571DF200C937F1 /* SelectionsController.m */; };
		F2CEFFC919571F0900C937F1 /* SelectionsCell.m in Sources */ = {isa = PBXBuildFile; fileRef = F2CEFFC819571F0900C937F1 /* SelectionsCell.m */; };
		F2CEFFCC195721D700C937F1 /* SelectionDetailController.m in Sources */ = {isa = PBXBuildFile; fileRef = F2CEFFCB195721D700C937F1 /* SelectionDetailController.m */; };
		F2CEFFCF195722B100C937F1 /* SelectionDetailCell.m in Sources */ = {isa = PBXBuildFile; fileRef = F2CEFFCE195722B100C937F1 /* SelectionDetailCell.m */; };
/* End PBXBuildFile section */

/* Begin PBXContainerItemProxy section */
		F2CEFFAF19571B0F00C937F1 /* PBXContainerItemProxy */ = {
			isa = PBXContainerItemProxy;
			containerPortal = F2CEFF7B19571B0F00C937F1 /* Project object */;
			proxyType = 1;
			remoteGlobalIDString = F2CEFF8219571B0F00C937F1;
			remoteInfo = FantasyFootballCalc;
		};
/* End PBXContainerItemProxy section */

/* Begin PBXFileReference section */
		1076F097196855B3002B7F2A /* libsqlite3.dylib */ = {isa = PBXFileReference; lastKnownFileType = "compiled.mach-o.dylib"; name = libsqlite3.dylib; path = usr/lib/libsqlite3.dylib; sourceTree = SDKROOT; };
		1076F099196859AC002B7F2A /* SQLite.h */ = {isa = PBXFileReference; fileEncoding = 4; lastKnownFileType = sourcecode.c.h; path = SQLite.h; sourceTree = "<group>"; };
		1076F09A196859AC002B7F2A /* SQLite.m */ = {isa = PBXFileReference; fileEncoding = 4; lastKnownFileType = sourcecode.c.objc; path = SQLite.m; sourceTree = "<group>"; };
		108731911968BBF5005477C8 /* Settings.h */ = {isa = PBXFileReference; fileEncoding = 4; lastKnownFileType = sourcecode.c.h; path = Settings.h; sourceTree = "<group>"; };
		108731921968BBF5005477C8 /* Settings.m */ = {isa = PBXFileReference; fileEncoding = 4; lastKnownFileType = sourcecode.c.objc; path = Settings.m; sourceTree = "<group>"; };
		10E9661019702983008853C9 /* TPKeyboardAvoidingScrollView.h */ = {isa = PBXFileReference; fileEncoding = 4; lastKnownFileType = sourcecode.c.h; path = TPKeyboardAvoidingScrollView.h; sourceTree = "<group>"; };
		10E9661119702983008853C9 /* TPKeyboardAvoidingScrollView.m */ = {isa = PBXFileReference; fileEncoding = 4; lastKnownFileType = sourcecode.c.objc; path = TPKeyboardAvoidingScrollView.m; sourceTree = "<group>"; };
		10E96613197029EB008853C9 /* UIScrollView+TPKeyboardAvoidingAdditions.h */ = {isa = PBXFileReference; fileEncoding = 4; lastKnownFileType = sourcecode.c.h; path = "UIScrollView+TPKeyboardAvoidingAdditions.h"; sourceTree = "<group>"; };
		10E96614197029EB008853C9 /* UIScrollView+TPKeyboardAvoidingAdditions.m */ = {isa = PBXFileReference; fileEncoding = 4; lastKnownFileType = sourcecode.c.objc; path = "UIScrollView+TPKeyboardAvoidingAdditions.m"; sourceTree = "<group>"; };
		10ED47061969EB9700927561 /* Config.h */ = {isa = PBXFileReference; fileEncoding = 4; lastKnownFileType = sourcecode.c.h; path = Config.h; sourceTree = "<group>"; };
		10ED47071969EB9700927561 /* Config.m */ = {isa = PBXFileReference; fileEncoding = 4; lastKnownFileType = sourcecode.c.objc; path = Config.m; sourceTree = "<group>"; };
		F22F104319755F6A00F119EB /* FantasyFootballCalc.sqlite */ = {isa = PBXFileReference; lastKnownFileType = file; path = FantasyFootballCalc.sqlite; sourceTree = "<group>"; };
		F23543211966F8DD004CD0CE /* PlayersCell.h */ = {isa = PBXFileReference; fileEncoding = 4; lastKnownFileType = sourcecode.c.h; path = PlayersCell.h; sourceTree = "<group>"; };
		F23543221966F8DD004CD0CE /* PlayersCell.m */ = {isa = PBXFileReference; fileEncoding = 4; lastKnownFileType = sourcecode.c.objc; path = PlayersCell.m; sourceTree = "<group>"; };
		F23543241967167B004CD0CE /* KrunchProjections.json */ = {isa = PBXFileReference; fileEncoding = 4; lastKnownFileType = text.json; name = KrunchProjections.json; path = ../../../../Desktop/KrunchProjections.json; sourceTree = "<group>"; };
		F245400B196B922900F01CAB /* MyTeamController.h */ = {isa = PBXFileReference; fileEncoding = 4; lastKnownFileType = sourcecode.c.h; path = MyTeamController.h; sourceTree = "<group>"; };
		F245400C196B922900F01CAB /* MyTeamController.m */ = {isa = PBXFileReference; fileEncoding = 4; lastKnownFileType = sourcecode.c.objc; path = MyTeamController.m; sourceTree = "<group>"; };
		F245400E196B928200F01CAB /* MyTeamCell.h */ = {isa = PBXFileReference; fileEncoding = 4; lastKnownFileType = sourcecode.c.h; path = MyTeamCell.h; sourceTree = "<group>"; };
		F245400F196B928200F01CAB /* MyTeamCell.m */ = {isa = PBXFileReference; fileEncoding = 4; lastKnownFileType = sourcecode.c.objc; path = MyTeamCell.m; sourceTree = "<group>"; };
		F24BB04D196A150200A626E0 /* SettingsViewController.h */ = {isa = PBXFileReference; fileEncoding = 4; lastKnownFileType = sourcecode.c.h; path = SettingsViewController.h; sourceTree = "<group>"; };
		F24BB04E196A150200A626E0 /* SettingsViewController.m */ = {isa = PBXFileReference; fileEncoding = 4; lastKnownFileType = sourcecode.c.objc; path = SettingsViewController.m; sourceTree = "<group>"; };
		F24BB050196B064700A626E0 /* PlayerListController.h */ = {isa = PBXFileReference; fileEncoding = 4; lastKnownFileType = sourcecode.c.h; path = PlayerListController.h; sourceTree = "<group>"; };
		F24BB051196B064700A626E0 /* PlayerListController.m */ = {isa = PBXFileReference; fileEncoding = 4; lastKnownFileType = sourcecode.c.objc; path = PlayerListController.m; sourceTree = "<group>"; };
		F27B59E819798D7000001540 /* Base */ = {isa = PBXFileReference; lastKnownFileType = file.storyboard; name = Base; path = Base.lproj/Main_iPhone.storyboard; sourceTree = "<group>"; };
		F28D9F11197B625900050F91 /* icon_bkg.png */ = {isa = PBXFileReference; lastKnownFileType = image.png; path = icon_bkg.png; sourceTree = "<group>"; };
		F28D9F47197C322E00050F91 /* Dropdown.png */ = {isa = PBXFileReference; lastKnownFileType = image.png; path = Dropdown.png; sourceTree = "<group>"; };
		F28D9F48197C322E00050F91 /* Dropdown@2x.png */ = {isa = PBXFileReference; lastKnownFileType = image.png; path = "Dropdown@2x.png"; sourceTree = "<group>"; };
		F28D9F4A197C322E00050F91 /* Minus.png */ = {isa = PBXFileReference; lastKnownFileType = image.png; path = Minus.png; sourceTree = "<group>"; };
		F28D9F4B197C322E00050F91 /* Minus@2x.png */ = {isa = PBXFileReference; lastKnownFileType = image.png; path = "Minus@2x.png"; sourceTree = "<group>"; };
		F28D9F4C197C322E00050F91 /* MyTeam_blue.png */ = {isa = PBXFileReference; lastKnownFileType = image.png; path = MyTeam_blue.png; sourceTree = "<group>"; };
		F28D9F4D197C322E00050F91 /* MyTeam_blue@2x.png */ = {isa = PBXFileReference; lastKnownFileType = image.png; path = "MyTeam_blue@2x.png"; sourceTree = "<group>"; };
		F28D9F4E197C322E00050F91 /* MyTeam_white.png */ = {isa = PBXFileReference; lastKnownFileType = image.png; path = MyTeam_white.png; sourceTree = "<group>"; };
		F28D9F4F197C322E00050F91 /* MyTeam_white@2x.png */ = {isa = PBXFileReference; lastKnownFileType = image.png; path = "MyTeam_white@2x.png"; sourceTree = "<group>"; };
		F28D9F50197C322E00050F91 /* Scenario_blue.png */ = {isa = PBXFileReference; lastKnownFileType = image.png; path = Scenario_blue.png; sourceTree = "<group>"; };
		F28D9F51197C322E00050F91 /* Scenario_blue@2x.png */ = {isa = PBXFileReference; lastKnownFileType = image.png; path = "Scenario_blue@2x.png"; sourceTree = "<group>"; };
		F28D9F52197C322E00050F91 /* Scenario_white.png */ = {isa = PBXFileReference; lastKnownFileType = image.png; path = Scenario_white.png; sourceTree = "<group>"; };
		F28D9F53197C322E00050F91 /* Scenario_white@2x.png */ = {isa = PBXFileReference; lastKnownFileType = image.png; path = "Scenario_white@2x.png"; sourceTree = "<group>"; };
		F28D9F54197C322E00050F91 /* Search_blue.png */ = {isa = PBXFileReference; lastKnownFileType = image.png; path = Search_blue.png; sourceTree = "<group>"; };
		F28D9F55197C322E00050F91 /* Search_blue@2x.png */ = {isa = PBXFileReference; lastKnownFileType = image.png; path = "Search_blue@2x.png"; sourceTree = "<group>"; };
		F28D9F56197C322E00050F91 /* search_icon.png */ = {isa = PBXFileReference; lastKnownFileType = image.png; path = search_icon.png; sourceTree = "<group>"; };
		F28D9F57197C322E00050F91 /* Search_white@2x.png */ = {isa = PBXFileReference; lastKnownFileType = image.png; path = "Search_white@2x.png"; sourceTree = "<group>"; };
		F28D9F58197C322E00050F91 /* Settings_blue.png */ = {isa = PBXFileReference; lastKnownFileType = image.png; path = Settings_blue.png; sourceTree = "<group>"; };
		F28D9F59197C322E00050F91 /* Settings_blue@2x.png */ = {isa = PBXFileReference; lastKnownFileType = image.png; path = "Settings_blue@2x.png"; sourceTree = "<group>"; };
		F28D9F5A197C322E00050F91 /* Settings_white.png */ = {isa = PBXFileReference; lastKnownFileType = image.png; path = Settings_white.png; sourceTree = "<group>"; };
		F28D9F5B197C322E00050F91 /* Settings_white@2x.png */ = {isa = PBXFileReference; lastKnownFileType = image.png; path = "Settings_white@2x.png"; sourceTree = "<group>"; };
		F28D9F5C197C322E00050F91 /* Sync_blue.png */ = {isa = PBXFileReference; lastKnownFileType = image.png; path = Sync_blue.png; sourceTree = "<group>"; };
		F28D9F5D197C322E00050F91 /* Sync_blue@2x.png */ = {isa = PBXFileReference; lastKnownFileType = image.png; path = "Sync_blue@2x.png"; sourceTree = "<group>"; };
		F28D9F5E197C322E00050F91 /* Sync_white.png */ = {isa = PBXFileReference; lastKnownFileType = image.png; path = Sync_white.png; sourceTree = "<group>"; };
		F28D9F5F197C322E00050F91 /* Sync_white@2x.png */ = {isa = PBXFileReference; lastKnownFileType = image.png; path = "Sync_white@2x.png"; sourceTree = "<group>"; };
		F2CEFF8319571B0F00C937F1 /* FantasyFootballCalc.app */ = {isa = PBXFileReference; explicitFileType = wrapper.application; includeInIndex = 0; path = FantasyFootballCalc.app; sourceTree = BUILT_PRODUCTS_DIR; };
		F2CEFF8619571B0F00C937F1 /* Foundation.framework */ = {isa = PBXFileReference; lastKnownFileType = wrapper.framework; name = Foundation.framework; path = System/Library/Frameworks/Foundation.framework; sourceTree = SDKROOT; };
		F2CEFF8819571B0F00C937F1 /* CoreGraphics.framework */ = {isa = PBXFileReference; lastKnownFileType = wrapper.framework; name = CoreGraphics.framework; path = System/Library/Frameworks/CoreGraphics.framework; sourceTree = SDKROOT; };
		F2CEFF8A19571B0F00C937F1 /* UIKit.framework */ = {isa = PBXFileReference; lastKnownFileType = wrapper.framework; name = UIKit.framework; path = System/Library/Frameworks/UIKit.framework; sourceTree = SDKROOT; };
		F2CEFF8E19571B0F00C937F1 /* FantasyFootballCalc-Info.plist */ = {isa = PBXFileReference; lastKnownFileType = text.plist.xml; path = "FantasyFootballCalc-Info.plist"; sourceTree = "<group>"; };
		F2CEFF9019571B0F00C937F1 /* en */ = {isa = PBXFileReference; lastKnownFileType = text.plist.strings; name = en; path = en.lproj/InfoPlist.strings; sourceTree = "<group>"; };
		F2CEFF9219571B0F00C937F1 /* main.m */ = {isa = PBXFileReference; lastKnownFileType = sourcecode.c.objc; path = main.m; sourceTree = "<group>"; };
		F2CEFF9419571B0F00C937F1 /* FantasyFootballCalc-Prefix.pch */ = {isa = PBXFileReference; lastKnownFileType = sourcecode.c.h; path = "FantasyFootballCalc-Prefix.pch"; sourceTree = "<group>"; };
		F2CEFF9519571B0F00C937F1 /* AppDelegate.h */ = {isa = PBXFileReference; lastKnownFileType = sourcecode.c.h; path = AppDelegate.h; sourceTree = "<group>"; };
		F2CEFF9619571B0F00C937F1 /* AppDelegate.m */ = {isa = PBXFileReference; lastKnownFileType = sourcecode.c.objc; path = AppDelegate.m; sourceTree = "<group>"; };
		F2CEFF9C19571B0F00C937F1 /* Base */ = {isa = PBXFileReference; lastKnownFileType = file.storyboard; name = Base; path = Base.lproj/Main_iPad.storyboard; sourceTree = "<group>"; };
		F2CEFFA419571B0F00C937F1 /* Images.xcassets */ = {isa = PBXFileReference; lastKnownFileType = folder.assetcatalog; path = Images.xcassets; sourceTree = "<group>"; };
		F2CEFFAA19571B0F00C937F1 /* FantasyFootballCalcTests.xctest */ = {isa = PBXFileReference; explicitFileType = wrapper.cfbundle; includeInIndex = 0; path = FantasyFootballCalcTests.xctest; sourceTree = BUILT_PRODUCTS_DIR; };
		F2CEFFAB19571B0F00C937F1 /* XCTest.framework */ = {isa = PBXFileReference; lastKnownFileType = wrapper.framework; name = XCTest.framework; path = Library/Frameworks/XCTest.framework; sourceTree = DEVELOPER_DIR; };
		F2CEFFB319571B0F00C937F1 /* FantasyFootballCalcTests-Info.plist */ = {isa = PBXFileReference; lastKnownFileType = text.plist.xml; path = "FantasyFootballCalcTests-Info.plist"; sourceTree = "<group>"; };
		F2CEFFB519571B0F00C937F1 /* en */ = {isa = PBXFileReference; lastKnownFileType = text.plist.strings; name = en; path = en.lproj/InfoPlist.strings; sourceTree = "<group>"; };
		F2CEFFB719571B0F00C937F1 /* FantasyFootballCalcTests.m */ = {isa = PBXFileReference; lastKnownFileType = sourcecode.c.objc; path = FantasyFootballCalcTests.m; sourceTree = "<group>"; };
		F2CEFFC419571DF200C937F1 /* SelectionsController.h */ = {isa = PBXFileReference; fileEncoding = 4; lastKnownFileType = sourcecode.c.h; path = SelectionsController.h; sourceTree = "<group>"; };
		F2CEFFC519571DF200C937F1 /* SelectionsController.m */ = {isa = PBXFileReference; fileEncoding = 4; lastKnownFileType = sourcecode.c.objc; path = SelectionsController.m; sourceTree = "<group>"; };
		F2CEFFC719571F0900C937F1 /* SelectionsCell.h */ = {isa = PBXFileReference; fileEncoding = 4; lastKnownFileType = sourcecode.c.h; path = SelectionsCell.h; sourceTree = "<group>"; };
		F2CEFFC819571F0900C937F1 /* SelectionsCell.m */ = {isa = PBXFileReference; fileEncoding = 4; lastKnownFileType = sourcecode.c.objc; path = SelectionsCell.m; sourceTree = "<group>"; };
		F2CEFFCA195721D700C937F1 /* SelectionDetailController.h */ = {isa = PBXFileReference; fileEncoding = 4; lastKnownFileType = sourcecode.c.h; path = SelectionDetailController.h; sourceTree = "<group>"; };
		F2CEFFCB195721D700C937F1 /* SelectionDetailController.m */ = {isa = PBXFileReference; fileEncoding = 4; lastKnownFileType = sourcecode.c.objc; path = SelectionDetailController.m; sourceTree = "<group>"; };
		F2CEFFCD195722B100C937F1 /* SelectionDetailCell.h */ = {isa = PBXFileReference; fileEncoding = 4; lastKnownFileType = sourcecode.c.h; path = SelectionDetailCell.h; sourceTree = "<group>"; };
		F2CEFFCE195722B100C937F1 /* SelectionDetailCell.m */ = {isa = PBXFileReference; fileEncoding = 4; lastKnownFileType = sourcecode.c.objc; path = SelectionDetailCell.m; sourceTree = "<group>"; };
/* End PBXFileReference section */

/* Begin PBXFrameworksBuildPhase section */
		F2CEFF8019571B0F00C937F1 /* Frameworks */ = {
			isa = PBXFrameworksBuildPhase;
			buildActionMask = 2147483647;
			files = (
				1076F098196855B3002B7F2A /* libsqlite3.dylib in Frameworks */,
				F2CEFF8919571B0F00C937F1 /* CoreGraphics.framework in Frameworks */,
				F2CEFF8B19571B0F00C937F1 /* UIKit.framework in Frameworks */,
				F2CEFF8719571B0F00C937F1 /* Foundation.framework in Frameworks */,
			);
			runOnlyForDeploymentPostprocessing = 0;
		};
		F2CEFFA719571B0F00C937F1 /* Frameworks */ = {
			isa = PBXFrameworksBuildPhase;
			buildActionMask = 2147483647;
			files = (
				F2CEFFAC19571B0F00C937F1 /* XCTest.framework in Frameworks */,
				F2CEFFAE19571B0F00C937F1 /* UIKit.framework in Frameworks */,
				F2CEFFAD19571B0F00C937F1 /* Foundation.framework in Frameworks */,
			);
			runOnlyForDeploymentPostprocessing = 0;
		};
/* End PBXFrameworksBuildPhase section */

/* Begin PBXGroup section */
		1087318919687E4B005477C8 /* Resources */ = {
			isa = PBXGroup;
			children = (
				F22F104319755F6A00F119EB /* FantasyFootballCalc.sqlite */,
			);
			name = Resources;
			sourceTree = "<group>";
		};
		108731941968BBFE005477C8 /* Utilities */ = {
			isa = PBXGroup;
			children = (
				1076F099196859AC002B7F2A /* SQLite.h */,
				1076F09A196859AC002B7F2A /* SQLite.m */,
				108731911968BBF5005477C8 /* Settings.h */,
				108731921968BBF5005477C8 /* Settings.m */,
				10ED47061969EB9700927561 /* Config.h */,
				10ED47071969EB9700927561 /* Config.m */,
			);
			name = Utilities;
			sourceTree = "<group>";
		};
		F2CEFF7A19571B0F00C937F1 = {
			isa = PBXGroup;
			children = (
				1087318919687E4B005477C8 /* Resources */,
				F2CEFF8C19571B0F00C937F1 /* FantasyFootballCalc */,
				F2CEFFB119571B0F00C937F1 /* FantasyFootballCalcTests */,
				F2CEFF8519571B0F00C937F1 /* Frameworks */,
				F2CEFF8419571B0F00C937F1 /* Products */,
			);
			sourceTree = "<group>";
		};
		F2CEFF8419571B0F00C937F1 /* Products */ = {
			isa = PBXGroup;
			children = (
				F2CEFF8319571B0F00C937F1 /* FantasyFootballCalc.app */,
				F2CEFFAA19571B0F00C937F1 /* FantasyFootballCalcTests.xctest */,
			);
			name = Products;
			sourceTree = "<group>";
		};
		F2CEFF8519571B0F00C937F1 /* Frameworks */ = {
			isa = PBXGroup;
			children = (
				1076F097196855B3002B7F2A /* libsqlite3.dylib */,
				F2CEFF8619571B0F00C937F1 /* Foundation.framework */,
				F2CEFF8819571B0F00C937F1 /* CoreGraphics.framework */,
				F2CEFF8A19571B0F00C937F1 /* UIKit.framework */,
				F2CEFFAB19571B0F00C937F1 /* XCTest.framework */,
			);
			name = Frameworks;
			sourceTree = "<group>";
		};
		F2CEFF8C19571B0F00C937F1 /* FantasyFootballCalc */ = {
			isa = PBXGroup;
			children = (
				10E96613197029EB008853C9 /* UIScrollView+TPKeyboardAvoidingAdditions.h */,
				10E96614197029EB008853C9 /* UIScrollView+TPKeyboardAvoidingAdditions.m */,
				10E9661019702983008853C9 /* TPKeyboardAvoidingScrollView.h */,
				10E9661119702983008853C9 /* TPKeyboardAvoidingScrollView.m */,
				108731941968BBFE005477C8 /* Utilities */,
				F2CEFF9519571B0F00C937F1 /* AppDelegate.h */,
				F2CEFF9619571B0F00C937F1 /* AppDelegate.m */,
				F27B59E719798D7000001540 /* Main_iPhone.storyboard */,
				F2CEFF9B19571B0F00C937F1 /* Main_iPad.storyboard */,
				F2CEFFA419571B0F00C937F1 /* Images.xcassets */,
				F2CEFF8D19571B0F00C937F1 /* Supporting Files */,
				F2CEFFC419571DF200C937F1 /* SelectionsController.h */,
				F2CEFFC519571DF200C937F1 /* SelectionsController.m */,
				F2CEFFC719571F0900C937F1 /* SelectionsCell.h */,
				F2CEFFC819571F0900C937F1 /* SelectionsCell.m */,
				F2CEFFCA195721D700C937F1 /* SelectionDetailController.h */,
				F2CEFFCB195721D700C937F1 /* SelectionDetailController.m */,
				F2CEFFCD195722B100C937F1 /* SelectionDetailCell.h */,
				F2CEFFCE195722B100C937F1 /* SelectionDetailCell.m */,
				F23543211966F8DD004CD0CE /* PlayersCell.h */,
				F23543221966F8DD004CD0CE /* PlayersCell.m */,
				F24BB04D196A150200A626E0 /* SettingsViewController.h */,
				F24BB04E196A150200A626E0 /* SettingsViewController.m */,
				F24BB050196B064700A626E0 /* PlayerListController.h */,
				F24BB051196B064700A626E0 /* PlayerListController.m */,
				F245400B196B922900F01CAB /* MyTeamController.h */,
				F245400C196B922900F01CAB /* MyTeamController.m */,
				F245400E196B928200F01CAB /* MyTeamCell.h */,
				F245400F196B928200F01CAB /* MyTeamCell.m */,
			);
			path = FantasyFootballCalc;
			sourceTree = "<group>";
		};
		F2CEFF8D19571B0F00C937F1 /* Supporting Files */ = {
			isa = PBXGroup;
			children = (
				F28D9F47197C322E00050F91 /* Dropdown.png */,
				F28D9F48197C322E00050F91 /* Dropdown@2x.png */,
				F28D9F4A197C322E00050F91 /* Minus.png */,
				F28D9F4B197C322E00050F91 /* Minus@2x.png */,
				F28D9F4C197C322E00050F91 /* MyTeam_blue.png */,
				F28D9F4D197C322E00050F91 /* MyTeam_blue@2x.png */,
				F28D9F4E197C322E00050F91 /* MyTeam_white.png */,
				F28D9F4F197C322E00050F91 /* MyTeam_white@2x.png */,
				F28D9F50197C322E00050F91 /* Scenario_blue.png */,
				F28D9F51197C322E00050F91 /* Scenario_blue@2x.png */,
				F28D9F52197C322E00050F91 /* Scenario_white.png */,
				F28D9F53197C322E00050F91 /* Scenario_white@2x.png */,
				F28D9F54197C322E00050F91 /* Search_blue.png */,
				F28D9F55197C322E00050F91 /* Search_blue@2x.png */,
				F28D9F56197C322E00050F91 /* search_icon.png */,
				F28D9F57197C322E00050F91 /* Search_white@2x.png */,
				F28D9F58197C322E00050F91 /* Settings_blue.png */,
				F28D9F59197C322E00050F91 /* Settings_blue@2x.png */,
				F28D9F5A197C322E00050F91 /* Settings_white.png */,
				F28D9F5B197C322E00050F91 /* Settings_white@2x.png */,
				F28D9F5C197C322E00050F91 /* Sync_blue.png */,
				F28D9F5D197C322E00050F91 /* Sync_blue@2x.png */,
				F28D9F5E197C322E00050F91 /* Sync_white.png */,
				F28D9F5F197C322E00050F91 /* Sync_white@2x.png */,
				F28D9F11197B625900050F91 /* icon_bkg.png */,
				F23543241967167B004CD0CE /* KrunchProjections.json */,
				F2CEFF8E19571B0F00C937F1 /* FantasyFootballCalc-Info.plist */,
				F2CEFF8F19571B0F00C937F1 /* InfoPlist.strings */,
				F2CEFF9219571B0F00C937F1 /* main.m */,
				F2CEFF9419571B0F00C937F1 /* FantasyFootballCalc-Prefix.pch */,
			);
			name = "Supporting Files";
			sourceTree = "<group>";
		};
		F2CEFFB119571B0F00C937F1 /* FantasyFootballCalcTests */ = {
			isa = PBXGroup;
			children = (
				F2CEFFB719571B0F00C937F1 /* FantasyFootballCalcTests.m */,
				F2CEFFB219571B0F00C937F1 /* Supporting Files */,
			);
			path = FantasyFootballCalcTests;
			sourceTree = "<group>";
		};
		F2CEFFB219571B0F00C937F1 /* Supporting Files */ = {
			isa = PBXGroup;
			children = (
				F2CEFFB319571B0F00C937F1 /* FantasyFootballCalcTests-Info.plist */,
				F2CEFFB419571B0F00C937F1 /* InfoPlist.strings */,
			);
			name = "Supporting Files";
			sourceTree = "<group>";
		};
/* End PBXGroup section */

/* Begin PBXNativeTarget section */
		F2CEFF8219571B0F00C937F1 /* FantasyFootballCalc */ = {
			isa = PBXNativeTarget;
			buildConfigurationList = F2CEFFBB19571B0F00C937F1 /* Build configuration list for PBXNativeTarget "FantasyFootballCalc" */;
			buildPhases = (
				F2CEFF7F19571B0F00C937F1 /* Sources */,
				F2CEFF8019571B0F00C937F1 /* Frameworks */,
				F2CEFF8119571B0F00C937F1 /* Resources */,
			);
			buildRules = (
			);
			dependencies = (
			);
			name = FantasyFootballCalc;
			productName = FantasyFootballCalc;
			productReference = F2CEFF8319571B0F00C937F1 /* FantasyFootballCalc.app */;
			productType = "com.apple.product-type.application";
		};
		F2CEFFA919571B0F00C937F1 /* FantasyFootballCalcTests */ = {
			isa = PBXNativeTarget;
			buildConfigurationList = F2CEFFBE19571B0F00C937F1 /* Build configuration list for PBXNativeTarget "FantasyFootballCalcTests" */;
			buildPhases = (
				F2CEFFA619571B0F00C937F1 /* Sources */,
				F2CEFFA719571B0F00C937F1 /* Frameworks */,
				F2CEFFA819571B0F00C937F1 /* Resources */,
			);
			buildRules = (
			);
			dependencies = (
				F2CEFFB019571B0F00C937F1 /* PBXTargetDependency */,
			);
			name = FantasyFootballCalcTests;
			productName = FantasyFootballCalcTests;
			productReference = F2CEFFAA19571B0F00C937F1 /* FantasyFootballCalcTests.xctest */;
			productType = "com.apple.product-type.bundle.unit-test";
		};
/* End PBXNativeTarget section */

/* Begin PBXProject section */
		F2CEFF7B19571B0F00C937F1 /* Project object */ = {
			isa = PBXProject;
			attributes = {
				LastUpgradeCheck = 0510;
				ORGANIZATIONNAME = Chabot;
				TargetAttributes = {
					F2CEFFA919571B0F00C937F1 = {
						TestTargetID = F2CEFF8219571B0F00C937F1;
					};
				};
			};
			buildConfigurationList = F2CEFF7E19571B0F00C937F1 /* Build configuration list for PBXProject "FantasyFootballCalc" */;
			compatibilityVersion = "Xcode 3.2";
			developmentRegion = English;
			hasScannedForEncodings = 0;
			knownRegions = (
				en,
				Base,
			);
			mainGroup = F2CEFF7A19571B0F00C937F1;
			productRefGroup = F2CEFF8419571B0F00C937F1 /* Products */;
			projectDirPath = "";
			projectRoot = "";
			targets = (
				F2CEFF8219571B0F00C937F1 /* FantasyFootballCalc */,
				F2CEFFA919571B0F00C937F1 /* FantasyFootballCalcTests */,
			);
		};
/* End PBXProject section */

/* Begin PBXResourcesBuildPhase section */
		F2CEFF8119571B0F00C937F1 /* Resources */ = {
			isa = PBXResourcesBuildPhase;
			buildActionMask = 2147483647;
			files = (
				F28D9F63197C322E00050F91 /* Minus.png in Resources */,
				F28D9F68197C322E00050F91 /* MyTeam_white@2x.png in Resources */,
				F28D9F76197C322E00050F91 /* Sync_blue@2x.png in Resources */,
				F23543251967167B004CD0CE /* KrunchProjections.json in Resources */,
				F28D9F67197C322E00050F91 /* MyTeam_white.png in Resources */,
				F28D9F65197C322E00050F91 /* MyTeam_blue.png in Resources */,
				F28D9F61197C322E00050F91 /* Dropdown@2x.png in Resources */,
				F28D9F6F197C322E00050F91 /* search_icon.png in Resources */,
				F2CEFF9D19571B0F00C937F1 /* Main_iPad.storyboard in Resources */,
				F28D9F70197C322E00050F91 /* Search_white@2x.png in Resources */,
				F28D9F77197C322E00050F91 /* Sync_white.png in Resources */,
				F28D9F66197C322E00050F91 /* MyTeam_blue@2x.png in Resources */,
				F2CEFFA519571B0F00C937F1 /* Images.xcassets in Resources */,
				F28D9F71197C322E00050F91 /* Settings_blue.png in Resources */,
				F28D9F78197C322E00050F91 /* Sync_white@2x.png in Resources */,
				F28D9F72197C322E00050F91 /* Settings_blue@2x.png in Resources */,
				F28D9F6A197C322E00050F91 /* Scenario_blue@2x.png in Resources */,
				F28D9F6D197C322E00050F91 /* Search_blue.png in Resources */,
				F27B59E919798D7000001540 /* Main_iPhone.storyboard in Resources */,
				F2CEFF9119571B0F00C937F1 /* InfoPlist.strings in Resources */,
				F28D9F73197C322E00050F91 /* Settings_white.png in Resources */,
				F28D9F74197C322E00050F91 /* Settings_white@2x.png in Resources */,
				F28D9F75197C322E00050F91 /* Sync_blue.png in Resources */,
				F28D9F6B197C322E00050F91 /* Scenario_white.png in Resources */,
				F28D9F6E197C322E00050F91 /* Search_blue@2x.png in Resources */,
				F28D9F60197C322E00050F91 /* Dropdown.png in Resources */,
				F28D9F12197B625900050F91 /* icon_bkg.png in Resources */,
				F28D9F64197C322E00050F91 /* Minus@2x.png in Resources */,
				F28D9F69197C322E00050F91 /* Scenario_blue.png in Resources */,
				F28D9F6C197C322E00050F91 /* Scenario_white@2x.png in Resources */,
			);
			runOnlyForDeploymentPostprocessing = 0;
		};
		F2CEFFA819571B0F00C937F1 /* Resources */ = {
			isa = PBXResourcesBuildPhase;
			buildActionMask = 2147483647;
			files = (
				F2CEFFB619571B0F00C937F1 /* InfoPlist.strings in Resources */,
			);
			runOnlyForDeploymentPostprocessing = 0;
		};
/* End PBXResourcesBuildPhase section */

/* Begin PBXSourcesBuildPhase section */
		F2CEFF7F19571B0F00C937F1 /* Sources */ = {
			isa = PBXSourcesBuildPhase;
			buildActionMask = 2147483647;
			files = (
				F23543231966F8DD004CD0CE /* PlayersCell.m in Sources */,
				F245400D196B922900F01CAB /* MyTeamController.m in Sources */,
				F2CEFF9719571B0F00C937F1 /* AppDelegate.m in Sources */,
				108731931968BBF5005477C8 /* Settings.m in Sources */,
				F24BB04F196A150200A626E0 /* SettingsViewController.m in Sources */,
				F24BB052196B064700A626E0 /* PlayerListController.m in Sources */,
				10E9661219702983008853C9 /* TPKeyboardAvoidingScrollView.m in Sources */,
				1076F09B196859AC002B7F2A /* SQLite.m in Sources */,
				F2CEFFCF195722B100C937F1 /* SelectionDetailCell.m in Sources */,
				F2454010196B928200F01CAB /* MyTeamCell.m in Sources */,
				F2CEFFC919571F0900C937F1 /* SelectionsCell.m in Sources */,
				F2CEFFCC195721D700C937F1 /* SelectionDetailController.m in Sources */,
				10ED47081969EB9700927561 /* Config.m in Sources */,
				10E96615197029EB008853C9 /* UIScrollView+TPKeyboardAvoidingAdditions.m in Sources */,
				F2CEFFC619571DF200C937F1 /* SelectionsController.m in Sources */,
				F2CEFF9319571B0F00C937F1 /* main.m in Sources */,
			);
			runOnlyForDeploymentPostprocessing = 0;
		};
		F2CEFFA619571B0F00C937F1 /* Sources */ = {
			isa = PBXSourcesBuildPhase;
			buildActionMask = 2147483647;
			files = (
				F2CEFFB819571B0F00C937F1 /* FantasyFootballCalcTests.m in Sources */,
			);
			runOnlyForDeploymentPostprocessing = 0;
		};
/* End PBXSourcesBuildPhase section */

/* Begin PBXTargetDependency section */
		F2CEFFB019571B0F00C937F1 /* PBXTargetDependency */ = {
			isa = PBXTargetDependency;
			target = F2CEFF8219571B0F00C937F1 /* FantasyFootballCalc */;
			targetProxy = F2CEFFAF19571B0F00C937F1 /* PBXContainerItemProxy */;
		};
/* End PBXTargetDependency section */

/* Begin PBXVariantGroup section */
		F27B59E719798D7000001540 /* Main_iPhone.storyboard */ = {
			isa = PBXVariantGroup;
			children = (
				F27B59E819798D7000001540 /* Base */,
			);
			name = Main_iPhone.storyboard;
			sourceTree = "<group>";
		};
		F2CEFF8F19571B0F00C937F1 /* InfoPlist.strings */ = {
			isa = PBXVariantGroup;
			children = (
				F2CEFF9019571B0F00C937F1 /* en */,
			);
			name = InfoPlist.strings;
			sourceTree = "<group>";
		};
		F2CEFF9B19571B0F00C937F1 /* Main_iPad.storyboard */ = {
			isa = PBXVariantGroup;
			children = (
				F2CEFF9C19571B0F00C937F1 /* Base */,
			);
			name = Main_iPad.storyboard;
			sourceTree = "<group>";
		};
		F2CEFFB419571B0F00C937F1 /* InfoPlist.strings */ = {
			isa = PBXVariantGroup;
			children = (
				F2CEFFB519571B0F00C937F1 /* en */,
			);
			name = InfoPlist.strings;
			sourceTree = "<group>";
		};
/* End PBXVariantGroup section */

/* Begin XCBuildConfiguration section */
		F2CEFFB919571B0F00C937F1 /* Debug */ = {
			isa = XCBuildConfiguration;
			buildSettings = {
				ALWAYS_SEARCH_USER_PATHS = NO;
				CLANG_CXX_LANGUAGE_STANDARD = "gnu++0x";
				CLANG_CXX_LIBRARY = "libc++";
				CLANG_ENABLE_MODULES = YES;
				CLANG_ENABLE_OBJC_ARC = YES;
				CLANG_WARN_BOOL_CONVERSION = YES;
				CLANG_WARN_CONSTANT_CONVERSION = YES;
				CLANG_WARN_DIRECT_OBJC_ISA_USAGE = YES_ERROR;
				CLANG_WARN_EMPTY_BODY = YES;
				CLANG_WARN_ENUM_CONVERSION = YES;
				CLANG_WARN_INT_CONVERSION = YES;
				CLANG_WARN_OBJC_ROOT_CLASS = YES_ERROR;
				CLANG_WARN__DUPLICATE_METHOD_MATCH = YES;
				"CODE_SIGN_IDENTITY[sdk=iphoneos*]" = "iPhone Developer";
				COPY_PHASE_STRIP = NO;
				GCC_C_LANGUAGE_STANDARD = gnu99;
				GCC_DYNAMIC_NO_PIC = NO;
				GCC_OPTIMIZATION_LEVEL = 0;
				GCC_PREPROCESSOR_DEFINITIONS = (
					"DEBUG=1",
					"$(inherited)",
				);
				GCC_SYMBOLS_PRIVATE_EXTERN = NO;
				GCC_WARN_64_TO_32_BIT_CONVERSION = YES;
				GCC_WARN_ABOUT_RETURN_TYPE = YES_ERROR;
				GCC_WARN_UNDECLARED_SELECTOR = YES;
				GCC_WARN_UNINITIALIZED_AUTOS = YES_AGGRESSIVE;
				GCC_WARN_UNUSED_FUNCTION = YES;
				GCC_WARN_UNUSED_VARIABLE = YES;
				IPHONEOS_DEPLOYMENT_TARGET = 7.1;
				ONLY_ACTIVE_ARCH = YES;
				SDKROOT = iphoneos;
				TARGETED_DEVICE_FAMILY = "1,2";
			};
			name = Debug;
		};
		F2CEFFBA19571B0F00C937F1 /* Release */ = {
			isa = XCBuildConfiguration;
			buildSettings = {
				ALWAYS_SEARCH_USER_PATHS = NO;
				CLANG_CXX_LANGUAGE_STANDARD = "gnu++0x";
				CLANG_CXX_LIBRARY = "libc++";
				CLANG_ENABLE_MODULES = YES;
				CLANG_ENABLE_OBJC_ARC = YES;
				CLANG_WARN_BOOL_CONVERSION = YES;
				CLANG_WARN_CONSTANT_CONVERSION = YES;
				CLANG_WARN_DIRECT_OBJC_ISA_USAGE = YES_ERROR;
				CLANG_WARN_EMPTY_BODY = YES;
				CLANG_WARN_ENUM_CONVERSION = YES;
				CLANG_WARN_INT_CONVERSION = YES;
				CLANG_WARN_OBJC_ROOT_CLASS = YES_ERROR;
				CLANG_WARN__DUPLICATE_METHOD_MATCH = YES;
				"CODE_SIGN_IDENTITY[sdk=iphoneos*]" = "iPhone Developer";
				COPY_PHASE_STRIP = YES;
				ENABLE_NS_ASSERTIONS = NO;
				GCC_C_LANGUAGE_STANDARD = gnu99;
				GCC_WARN_64_TO_32_BIT_CONVERSION = YES;
				GCC_WARN_ABOUT_RETURN_TYPE = YES_ERROR;
				GCC_WARN_UNDECLARED_SELECTOR = YES;
				GCC_WARN_UNINITIALIZED_AUTOS = YES_AGGRESSIVE;
				GCC_WARN_UNUSED_FUNCTION = YES;
				GCC_WARN_UNUSED_VARIABLE = YES;
				IPHONEOS_DEPLOYMENT_TARGET = 7.1;
				SDKROOT = iphoneos;
				TARGETED_DEVICE_FAMILY = "1,2";
				VALIDATE_PRODUCT = YES;
			};
			name = Release;
		};
		F2CEFFBC19571B0F00C937F1 /* Debug */ = {
			isa = XCBuildConfiguration;
			buildSettings = {
				ASSETCATALOG_COMPILER_APPICON_NAME = AppIcon;
				ASSETCATALOG_COMPILER_LAUNCHIMAGE_NAME = LaunchImage;
				GCC_PRECOMPILE_PREFIX_HEADER = YES;
				GCC_PREFIX_HEADER = "FantasyFootballCalc/FantasyFootballCalc-Prefix.pch";
				INFOPLIST_FILE = "FantasyFootballCalc/FantasyFootballCalc-Info.plist";
				IPHONEOS_DEPLOYMENT_TARGET = 7.1;
				PRODUCT_NAME = "$(TARGET_NAME)";
				TARGETED_DEVICE_FAMILY = 1;
				WRAPPER_EXTENSION = app;
			};
			name = Debug;
		};
		F2CEFFBD19571B0F00C937F1 /* Release */ = {
			isa = XCBuildConfiguration;
			buildSettings = {
				ASSETCATALOG_COMPILER_APPICON_NAME = AppIcon;
				ASSETCATALOG_COMPILER_LAUNCHIMAGE_NAME = LaunchImage;
				GCC_PRECOMPILE_PREFIX_HEADER = YES;
				GCC_PREFIX_HEADER = "FantasyFootballCalc/FantasyFootballCalc-Prefix.pch";
				INFOPLIST_FILE = "FantasyFootballCalc/FantasyFootballCalc-Info.plist";
				IPHONEOS_DEPLOYMENT_TARGET = 7.1;
				PRODUCT_NAME = "$(TARGET_NAME)";
				TARGETED_DEVICE_FAMILY = 1;
				WRAPPER_EXTENSION = app;
			};
			name = Release;
		};
		F2CEFFBF19571B0F00C937F1 /* Debug */ = {
			isa = XCBuildConfiguration;
			buildSettings = {
				BUNDLE_LOADER = "$(BUILT_PRODUCTS_DIR)/FantasyFootballCalc.app/FantasyFootballCalc";
				FRAMEWORK_SEARCH_PATHS = (
					"$(SDKROOT)/Developer/Library/Frameworks",
					"$(inherited)",
					"$(DEVELOPER_FRAMEWORKS_DIR)",
				);
				GCC_PRECOMPILE_PREFIX_HEADER = YES;
				GCC_PREFIX_HEADER = "FantasyFootballCalc/FantasyFootballCalc-Prefix.pch";
				GCC_PREPROCESSOR_DEFINITIONS = (
					"DEBUG=1",
					"$(inherited)",
				);
				INFOPLIST_FILE = "FantasyFootballCalcTests/FantasyFootballCalcTests-Info.plist";
				PRODUCT_NAME = "$(TARGET_NAME)";
				TEST_HOST = "$(BUNDLE_LOADER)";
				WRAPPER_EXTENSION = xctest;
			};
			name = Debug;
		};
		F2CEFFC019571B0F00C937F1 /* Release */ = {
			isa = XCBuildConfiguration;
			buildSettings = {
				BUNDLE_LOADER = "$(BUILT_PRODUCTS_DIR)/FantasyFootballCalc.app/FantasyFootballCalc";
				FRAMEWORK_SEARCH_PATHS = (
					"$(SDKROOT)/Developer/Library/Frameworks",
					"$(inherited)",
					"$(DEVELOPER_FRAMEWORKS_DIR)",
				);
				GCC_PRECOMPILE_PREFIX_HEADER = YES;
				GCC_PREFIX_HEADER = "FantasyFootballCalc/FantasyFootballCalc-Prefix.pch";
				INFOPLIST_FILE = "FantasyFootballCalcTests/FantasyFootballCalcTests-Info.plist";
				PRODUCT_NAME = "$(TARGET_NAME)";
				TEST_HOST = "$(BUNDLE_LOADER)";
				WRAPPER_EXTENSION = xctest;
			};
			name = Release;
		};
/* End XCBuildConfiguration section */

/* Begin XCConfigurationList section */
		F2CEFF7E19571B0F00C937F1 /* Build configuration list for PBXProject "FantasyFootballCalc" */ = {
			isa = XCConfigurationList;
			buildConfigurations = (
				F2CEFFB919571B0F00C937F1 /* Debug */,
				F2CEFFBA19571B0F00C937F1 /* Release */,
			);
			defaultConfigurationIsVisible = 0;
			defaultConfigurationName = Release;
		};
		F2CEFFBB19571B0F00C937F1 /* Build configuration list for PBXNativeTarget "FantasyFootballCalc" */ = {
			isa = XCConfigurationList;
			buildConfigurations = (
				F2CEFFBC19571B0F00C937F1 /* Debug */,
				F2CEFFBD19571B0F00C937F1 /* Release */,
			);
			defaultConfigurationIsVisible = 0;
			defaultConfigurationName = Release;
		};
		F2CEFFBE19571B0F00C937F1 /* Build configuration list for PBXNativeTarget "FantasyFootballCalcTests" */ = {
			isa = XCConfigurationList;
			buildConfigurations = (
				F2CEFFBF19571B0F00C937F1 /* Debug */,
				F2CEFFC019571B0F00C937F1 /* Release */,
			);
			defaultConfigurationIsVisible = 0;
			defaultConfigurationName = Release;
		};
/* End XCConfigurationList section */
	};
	rootObject = F2CEFF7B19571B0F00C937F1 /* Project object */;
}
